
Microsoft Visual Studio Solution File, Format Version 12.00
# Visual Studio Version 17
VisualStudioVersion = 17.5.33103.201
MinimumVisualStudioVersion = 10.0.40219.1
Project("{9A19103F-16F7-4668-BE54-9A1E7A4F7556}") = "Skylight.Protocol.RELEASE39-200910220522-22363", "Skylight.Protocol.RELEASE39-200910220522-22363\Skylight.Protocol.RELEASE39-200910220522-22363.csproj", "{74AEB34C-F0A3-46B2-82F7-1292E31F1BC0}"
EndProject
Project("{9A19103F-16F7-4668-BE54-9A1E7A4F7556}") = "Skylight.Protocol.RELEASE63-201211141113-913728051", "Skylight.Protocol.RELEASE63-201211141113-913728051\Skylight.Protocol.RELEASE63-201211141113-913728051.csproj", "{28D5BBB9-C018-4F65-AFD6-37AC7DDDF1CA}"
EndProject
Project("{9A19103F-16F7-4668-BE54-9A1E7A4F7556}") = "Skylight.Protocol.WIN63-202111081545-75921380", "Skylight.Protocol.WIN63-202111081545-75921380\Skylight.Protocol.WIN63-202111081545-75921380.csproj", "{73D2892D-36BD-4539-A838-2A5FE09D060A}"
EndProject
Project("{9A19103F-16F7-4668-BE54-9A1E7A4F7556}") = "Skylight.Protocol", "..\Skylight.Protocol\Skylight.Protocol.csproj", "{E9B40D7F-BD4F-4F7C-808A-407B86191352}"
EndProject
Project("{2150E333-8FDC-42A3-9474-1A3956D46DE8}") = "src", "src", "{E82EC71B-7D50-426A-BC8E-51F2F32AF0DE}"
EndProject
Project("{2150E333-8FDC-42A3-9474-1A3956D46DE8}") = "submodules", "submodules", "{6E211B4B-AC9D-4A38-90D2-5501A40649C9}"
EndProject
Project("{2150E333-8FDC-42A3-9474-1A3956D46DE8}") = "Net", "Net", "{85C7C4C5-A606-4BC6-B486-D4EB9AF72976}"
EndProject
Project("{9A19103F-16F7-4668-BE54-9A1E7A4F7556}") = "Net", "..\submodules\Net\Net\Net.csproj", "{135FEDAD-0482-4A7D-B46A-DA2633644764}"
EndProject
Project("{9A19103F-16F7-4668-BE54-9A1E7A4F7556}") = "Net.Buffers", "..\submodules\Net\Net.Buffers\Net.Buffers.csproj", "{346CF2B5-92CC-49B8-969B-B68682F8D2A9}"
EndProject
Project("{9A19103F-16F7-4668-BE54-9A1E7A4F7556}") = "Net.Communication", "..\submodules\Net\Net.Communication\Net.Communication.csproj", "{1DA5954A-7BAA-49D4-979B-E6C23D24A818}"
EndProject
Project("{9A19103F-16F7-4668-BE54-9A1E7A4F7556}") = "Skylight.Protocol.Generator", "..\Skylight.Protocol.Generator\Skylight.Protocol.Generator.csproj", "{3A0EC974-5943-4DFF-996A-4512EF16C2E0}"
EndProject
Project("{9A19103F-16F7-4668-BE54-9A1E7A4F7556}") = "Skylight.Protocol.Editor", "..\Skylight.Protocol.Editor\Skylight.Protocol.Editor.csproj", "{94F1CCF4-EDC5-4C9B-A161-107030732B63}"
EndProject
Project("{9A19103F-16F7-4668-BE54-9A1E7A4F7556}") = "Skylight.Protocol.RELEASE9", "Skylight.Protocol.RELEASE9\Skylight.Protocol.RELEASE9.csproj", "{78EBB607-D9D2-43EA-BF9A-DBEE5AFE8AA1}"
EndProject
Project("{FAE04EC0-301F-11D3-BF4B-00C04F79EFBC}") = "Skylight.Protocol.MOBILES-DISCO", "Skylight.Protocol.MOBILES-DISCO\Skylight.Protocol.MOBILES-DISCO.csproj", "{E2AB4674-5AE9-3AE8-C747-706A58834E10}"
EndProject
Global
	GlobalSection(SolutionConfigurationPlatforms) = preSolution
		Debug|Any CPU = Debug|Any CPU
		Release|Any CPU = Release|Any CPU
	EndGlobalSection
	GlobalSection(ProjectConfigurationPlatforms) = postSolution
		{74AEB34C-F0A3-46B2-82F7-1292E31F1BC0}.Debug|Any CPU.ActiveCfg = Debug|Any CPU
		{74AEB34C-F0A3-46B2-82F7-1292E31F1BC0}.Debug|Any CPU.Build.0 = Debug|Any CPU
		{74AEB34C-F0A3-46B2-82F7-1292E31F1BC0}.Release|Any CPU.ActiveCfg = Release|Any CPU
		{74AEB34C-F0A3-46B2-82F7-1292E31F1BC0}.Release|Any CPU.Build.0 = Release|Any CPU
		{28D5BBB9-C018-4F65-AFD6-37AC7DDDF1CA}.Debug|Any CPU.ActiveCfg = Debug|Any CPU
		{28D5BBB9-C018-4F65-AFD6-37AC7DDDF1CA}.Debug|Any CPU.Build.0 = Debug|Any CPU
		{28D5BBB9-C018-4F65-AFD6-37AC7DDDF1CA}.Release|Any CPU.ActiveCfg = Release|Any CPU
		{28D5BBB9-C018-4F65-AFD6-37AC7DDDF1CA}.Release|Any CPU.Build.0 = Release|Any CPU
		{73D2892D-36BD-4539-A838-2A5FE09D060A}.Debug|Any CPU.ActiveCfg = Debug|Any CPU
		{73D2892D-36BD-4539-A838-2A5FE09D060A}.Debug|Any CPU.Build.0 = Debug|Any CPU
		{73D2892D-36BD-4539-A838-2A5FE09D060A}.Release|Any CPU.ActiveCfg = Release|Any CPU
		{73D2892D-36BD-4539-A838-2A5FE09D060A}.Release|Any CPU.Build.0 = Release|Any CPU
		{E9B40D7F-BD4F-4F7C-808A-407B86191352}.Debug|Any CPU.ActiveCfg = Debug|Any CPU
		{E9B40D7F-BD4F-4F7C-808A-407B86191352}.Debug|Any CPU.Build.0 = Debug|Any CPU
		{E9B40D7F-BD4F-4F7C-808A-407B86191352}.Release|Any CPU.ActiveCfg = Release|Any CPU
		{E9B40D7F-BD4F-4F7C-808A-407B86191352}.Release|Any CPU.Build.0 = Release|Any CPU
		{135FEDAD-0482-4A7D-B46A-DA2633644764}.Debug|Any CPU.ActiveCfg = Debug|Any CPU
		{135FEDAD-0482-4A7D-B46A-DA2633644764}.Debug|Any CPU.Build.0 = Debug|Any CPU
		{135FEDAD-0482-4A7D-B46A-DA2633644764}.Release|Any CPU.ActiveCfg = Release|Any CPU
		{135FEDAD-0482-4A7D-B46A-DA2633644764}.Release|Any CPU.Build.0 = Release|Any CPU
		{346CF2B5-92CC-49B8-969B-B68682F8D2A9}.Debug|Any CPU.ActiveCfg = Debug|Any CPU
		{346CF2B5-92CC-49B8-969B-B68682F8D2A9}.Debug|Any CPU.Build.0 = Debug|Any CPU
		{346CF2B5-92CC-49B8-969B-B68682F8D2A9}.Release|Any CPU.ActiveCfg = Release|Any CPU
		{346CF2B5-92CC-49B8-969B-B68682F8D2A9}.Release|Any CPU.Build.0 = Release|Any CPU
		{1DA5954A-7BAA-49D4-979B-E6C23D24A818}.Debug|Any CPU.ActiveCfg = Debug|Any CPU
		{1DA5954A-7BAA-49D4-979B-E6C23D24A818}.Debug|Any CPU.Build.0 = Debug|Any CPU
		{1DA5954A-7BAA-49D4-979B-E6C23D24A818}.Release|Any CPU.ActiveCfg = Release|Any CPU
		{1DA5954A-7BAA-49D4-979B-E6C23D24A818}.Release|Any CPU.Build.0 = Release|Any CPU
		{3A0EC974-5943-4DFF-996A-4512EF16C2E0}.Debug|Any CPU.ActiveCfg = Debug|Any CPU
		{3A0EC974-5943-4DFF-996A-4512EF16C2E0}.Debug|Any CPU.Build.0 = Debug|Any CPU
		{3A0EC974-5943-4DFF-996A-4512EF16C2E0}.Release|Any CPU.ActiveCfg = Release|Any CPU
		{3A0EC974-5943-4DFF-996A-4512EF16C2E0}.Release|Any CPU.Build.0 = Release|Any CPU
		{94F1CCF4-EDC5-4C9B-A161-107030732B63}.Debug|Any CPU.ActiveCfg = Debug|Any CPU
		{94F1CCF4-EDC5-4C9B-A161-107030732B63}.Debug|Any CPU.Build.0 = Debug|Any CPU
		{94F1CCF4-EDC5-4C9B-A161-107030732B63}.Release|Any CPU.ActiveCfg = Release|Any CPU
		{94F1CCF4-EDC5-4C9B-A161-107030732B63}.Release|Any CPU.Build.0 = Release|Any CPU
		{78EBB607-D9D2-43EA-BF9A-DBEE5AFE8AA1}.Debug|Any CPU.ActiveCfg = Debug|Any CPU
		{78EBB607-D9D2-43EA-BF9A-DBEE5AFE8AA1}.Debug|Any CPU.Build.0 = Debug|Any CPU
		{78EBB607-D9D2-43EA-BF9A-DBEE5AFE8AA1}.Release|Any CPU.ActiveCfg = Release|Any CPU
		{78EBB607-D9D2-43EA-BF9A-DBEE5AFE8AA1}.Release|Any CPU.Build.0 = Release|Any CPU
		{E2AB4674-5AE9-3AE8-C747-706A58834E10}.Debug|Any CPU.ActiveCfg = Debug|Any CPU
		{E2AB4674-5AE9-3AE8-C747-706A58834E10}.Debug|Any CPU.Build.0 = Debug|Any CPU
		{E2AB4674-5AE9-3AE8-C747-706A58834E10}.Release|Any CPU.ActiveCfg = Release|Any CPU
		{E2AB4674-5AE9-3AE8-C747-706A58834E10}.Release|Any CPU.Build.0 = Release|Any CPU
	EndGlobalSection
	GlobalSection(SolutionProperties) = preSolution
		HideSolutionNode = FALSE
	EndGlobalSection
	GlobalSection(NestedProjects) = preSolution
		{E9B40D7F-BD4F-4F7C-808A-407B86191352} = {E82EC71B-7D50-426A-BC8E-51F2F32AF0DE}
		{6E211B4B-AC9D-4A38-90D2-5501A40649C9} = {E82EC71B-7D50-426A-BC8E-51F2F32AF0DE}
		{85C7C4C5-A606-4BC6-B486-D4EB9AF72976} = {6E211B4B-AC9D-4A38-90D2-5501A40649C9}
		{135FEDAD-0482-4A7D-B46A-DA2633644764} = {85C7C4C5-A606-4BC6-B486-D4EB9AF72976}
		{346CF2B5-92CC-49B8-969B-B68682F8D2A9} = {85C7C4C5-A606-4BC6-B486-D4EB9AF72976}
		{1DA5954A-7BAA-49D4-979B-E6C23D24A818} = {85C7C4C5-A606-4BC6-B486-D4EB9AF72976}
		{3A0EC974-5943-4DFF-996A-4512EF16C2E0} = {E82EC71B-7D50-426A-BC8E-51F2F32AF0DE}
		{94F1CCF4-EDC5-4C9B-A161-107030732B63} = {E82EC71B-7D50-426A-BC8E-51F2F32AF0DE}
	EndGlobalSection
	GlobalSection(ExtensibilityGlobals) = postSolution
		SolutionGuid = {2612C2E2-D6D6-4994-A17C-72F631E6AC0C}
	EndGlobalSection
EndGlobal
